
Microsoft Visual Studio Solution File, Format Version 12.00
# Visual Studio Version 17
VisualStudioVersion = 17.2.32526.322
MinimumVisualStudioVersion = 10.0.40219.1
Project("{FAE04EC0-301F-11D3-BF4B-00C04F79EFBC}") = "Polskie Jeziora", "Polskie Jeziora\Polskie Jeziora.csproj", "{67DAA96F-4684-416A-B398-0806637A89DA}"
EndProject
Global
	GlobalSection(SolutionConfigurationPlatforms) = preSolution
		Debug|Any CPU = Debug|Any CPU
		Release|Any CPU = Release|Any CPU
	EndGlobalSection
	GlobalSection(ProjectConfigurationPlatforms) = postSolution
		{67DAA96F-4684-416A-B398-0806637A89DA}.Debug|Any CPU.ActiveCfg = Debug|Any CPU
		{67DAA96F-4684-416A-B398-0806637A89DA}.Debug|Any CPU.Build.0 = Debug|Any CPU
		{67DAA96F-4684-416A-B398-0806637A89DA}.Release|Any CPU.ActiveCfg = Release|Any CPU
		{67DAA96F-4684-416A-B398-0806637A89DA}.Release|Any CPU.Build.0 = Release|Any CPU
	EndGlobalSection
	GlobalSection(SolutionProperties) = preSolution
		HideSolutionNode = FALSE
	EndGlobalSection
	GlobalSection(ExtensibilityGlobals) = postSolution
		SolutionGuid = {73023A20-DC19-43F8-8DFD-6DDD0A4F2486}
	EndGlobalSection
EndGlobal
